{
  "name": "@papillonbits/components",
  "version": "0.8.0",
  "lockfileVersion": 2,
  "requires": true,
  "packages": {
    "": {
      "name": "@papillonbits/components",
      "version": "0.8.0",
      "dependencies": {
        "@papillonbits/css": "^0.8.0",
        "@papillonbits/library": "^0.8.0"
      }
    },
    "node_modules/@papillonbits/css": {
      "version": "0.8.0",
      "resolved": "https://registry.npmjs.org/@papillonbits/css/-/css-0.8.0.tgz",
      "integrity": "sha512-3/Qo0eo4eE9u64YQAaZIxPPCOEqtPIDEtJldIWNWM16D+I13+dQY03Ln2P1nKFUDRJ9T1cGB/EQoqrNY0eq53g=="
    },
    "node_modules/@papillonbits/library": {
      "version": "0.8.0",
      "resolved": "https://registry.npmjs.org/@papillonbits/library/-/library-0.8.0.tgz",
      "integrity": "sha512-bXLj8Xk0DRYTHs3BCw2gPbKIAMj3l9gCIwubjLnTaASJDWlntiZQa3gyTCjBVy3bg5REtNImgZbrqD3TUPucvA=="
    }
  },
  "dependencies": {
    "@papillonbits/css": {
      "version": "0.8.0",
      "resolved": "https://registry.npmjs.org/@papillonbits/css/-/css-0.8.0.tgz",
      "integrity": "sha512-3/Qo0eo4eE9u64YQAaZIxPPCOEqtPIDEtJldIWNWM16D+I13+dQY03Ln2P1nKFUDRJ9T1cGB/EQoqrNY0eq53g=="
    },
    "@papillonbits/library": {
      "version": "0.8.0",
      "resolved": "https://registry.npmjs.org/@papillonbits/library/-/library-0.8.0.tgz",
      "integrity": "sha512-bXLj8Xk0DRYTHs3BCw2gPbKIAMj3l9gCIwubjLnTaASJDWlntiZQa3gyTCjBVy3bg5REtNImgZbrqD3TUPucvA=="
    }
  }
}
