{
  "name": "@papillonbits/components",
  "version": "0.61.0",
  "lockfileVersion": 3,
  "requires": true,
  "packages": {
    "": {
      "name": "@papillonbits/components",
      "version": "0.61.0",
      "dependencies": {
        "@papillonbits/css": "^0.61.0",
        "@papillonbits/library": "^0.61.0"
      }
    },
    "node_modules/@papillonbits/css": {
      "version": "0.60.0",
      "resolved": "https://registry.npmjs.org/@papillonbits/css/-/css-0.60.0.tgz",
      "integrity": "sha512-JKBn5GsyaeP2pcjL9HLU8v7w3uoHnkA3U8G3JdKtL9qHSbB3rio6OZWWgq/Gwh+GttbWLt/7mFMvGsLIL9ZHtQ=="
    },
    "node_modules/@papillonbits/library": {
      "version": "0.60.0",
      "resolved": "https://registry.npmjs.org/@papillonbits/library/-/library-0.60.0.tgz",
      "integrity": "sha512-yw6toO7WMr0+x1eqcO97430lRQgAKUh/5tGadNTq6xW+2LGspO1GrTqPzWV3hlKdgrDQRCelwjyH/+mqv9eSAQ=="
    }
  }
}
