{
  "name": "@papillonbits/components",
  "version": "1.3.3",
  "lockfileVersion": 3,
  "requires": true,
  "packages": {
    "": {
      "name": "@papillonbits/components",
      "version": "1.3.3",
      "dependencies": {
        "@papillonbits/css": "^1.3.0",
        "@papillonbits/library": "^1.3.0"
      }
    },
    "node_modules/@papillonbits/css": {
      "version": "1.3.0",
      "resolved": "https://registry.npmjs.org/@papillonbits/css/-/css-1.3.0.tgz",
      "integrity": "sha512-sUg/8HMnfmJS62XoiuIxESuOEQFuI0jKKPVCXt3NUgmOSlJ5JltZVSuOuklkRLgS0308LmsxByxzsK42rtnMAw=="
    },
    "node_modules/@papillonbits/library": {
      "version": "1.3.0",
      "resolved": "https://registry.npmjs.org/@papillonbits/library/-/library-1.3.0.tgz",
      "integrity": "sha512-1+7RymgHCF9Qa+XP8VAhymjKo+So3ehphUrzrGq+OldocoozO9l8QUPsWUa2QjteNkf93rJO4LsbiykuYs9dJA=="
    }
  }
}
